
Microsoft Visual Studio Solution File, Format Version 12.00
# Visual Studio Version 17
VisualStudioVersion = 17.4.33122.133
MinimumVisualStudioVersion = 10.0.40219.1
Project("{9A19103F-16F7-4668-BE54-9A1E7A4F7556}") = "QueueSender", "QueueSender\QueueSender.csproj", "{459CF789-BB66-467B-81EA-D6A552B5784A}"
EndProject
Project("{9A19103F-16F7-4668-BE54-9A1E7A4F7556}") = "QueueReceiver", "QueueReceiver\QueueReceiver.csproj", "{67F94B46-2E24-453D-A6D1-FC0843FF45B6}"
EndProject
Project("{9A19103F-16F7-4668-BE54-9A1E7A4F7556}") = "Common", "Common\Common.csproj", "{8958D3E2-9DDF-4BEE-9CC6-D854F0194557}"
EndProject
Project("{9A19103F-16F7-4668-BE54-9A1E7A4F7556}") = "FanoutSender", "FanoutSender\FanoutSender.csproj", "{49169C36-9D4E-4AA2-B023-A7F7972F2CE9}"
EndProject
Project("{9A19103F-16F7-4668-BE54-9A1E7A4F7556}") = "FanoutReceiver", "FanoutReceiver\FanoutReceiver.csproj", "{D5EF9950-8552-44BD-AF47-79709D18FE31}"
EndProject
Project("{9A19103F-16F7-4668-BE54-9A1E7A4F7556}") = "DirectReceiver", "DirectReceiver\DirectReceiver.csproj", "{51EA04AB-7954-47AB-8460-BFC57059F91F}"
EndProject
Project("{9A19103F-16F7-4668-BE54-9A1E7A4F7556}") = "DirectSender", "DirectSender\DirectSender.csproj", "{497C77DA-8C71-486F-889D-3096B2C3FDDA}"
EndProject
Project("{9A19103F-16F7-4668-BE54-9A1E7A4F7556}") = "TopicSender", "TopicSender\TopicSender.csproj", "{1023FECA-944B-47F4-A63D-15B786E5C487}"
EndProject
Project("{9A19103F-16F7-4668-BE54-9A1E7A4F7556}") = "TopicReceiver", "TopicReceiver\TopicReceiver.csproj", "{5AEA8789-E0CF-4042-BD77-B68C800E9D3B}"
EndProject
Project("{2150E333-8FDC-42A3-9474-1A3956D46DE8}") = "RPC", "RPC", "{D7111397-BD38-4BAA-AC92-1E531B045D0E}"
EndProject
Project("{9A19103F-16F7-4668-BE54-9A1E7A4F7556}") = "RpcServer", "RpcServer\RpcServer.csproj", "{06EFA49F-7010-40C3-B2C9-666F05FB897B}"
EndProject
Project("{9A19103F-16F7-4668-BE54-9A1E7A4F7556}") = "RpcClient", "RpcClient\RpcClient.csproj", "{FCA282FB-5901-4B6F-BACE-9ED4EDE371B8}"
EndProject
Project("{2150E333-8FDC-42A3-9474-1A3956D46DE8}") = "Queue", "Queue", "{B483F81E-EBA2-4582-BC56-E368A3377798}"
EndProject
Project("{2150E333-8FDC-42A3-9474-1A3956D46DE8}") = "Direct", "Direct", "{88D18494-CEBE-4AF6-82A9-33CA1A95866B}"
EndProject
Project("{2150E333-8FDC-42A3-9474-1A3956D46DE8}") = "Fanout", "Fanout", "{ABA13C03-6D49-4650-9353-8ACAB543444A}"
EndProject
Project("{2150E333-8FDC-42A3-9474-1A3956D46DE8}") = "Topic", "Topic", "{EAB4A399-52EA-4AF5-A934-EB25A7538259}"
EndProject
Project("{FAE04EC0-301F-11D3-BF4B-00C04F79EFBC}") = "PublishConfirmSender", "PublishConfirmSender\PublishConfirmSender.csproj", "{AACCFBAA-8A8A-4614-AA31-4B03E58984C8}"
EndProject
Global
	GlobalSection(SolutionConfigurationPlatforms) = preSolution
		Debug|Any CPU = Debug|Any CPU
		Release|Any CPU = Release|Any CPU
	EndGlobalSection
	GlobalSection(ProjectConfigurationPlatforms) = postSolution
		{459CF789-BB66-467B-81EA-D6A552B5784A}.Debug|Any CPU.ActiveCfg = Debug|Any CPU
		{459CF789-BB66-467B-81EA-D6A552B5784A}.Debug|Any CPU.Build.0 = Debug|Any CPU
		{459CF789-BB66-467B-81EA-D6A552B5784A}.Release|Any CPU.ActiveCfg = Release|Any CPU
		{459CF789-BB66-467B-81EA-D6A552B5784A}.Release|Any CPU.Build.0 = Release|Any CPU
		{67F94B46-2E24-453D-A6D1-FC0843FF45B6}.Debug|Any CPU.ActiveCfg = Debug|Any CPU
		{67F94B46-2E24-453D-A6D1-FC0843FF45B6}.Debug|Any CPU.Build.0 = Debug|Any CPU
		{67F94B46-2E24-453D-A6D1-FC0843FF45B6}.Release|Any CPU.ActiveCfg = Release|Any CPU
		{67F94B46-2E24-453D-A6D1-FC0843FF45B6}.Release|Any CPU.Build.0 = Release|Any CPU
		{8958D3E2-9DDF-4BEE-9CC6-D854F0194557}.Debug|Any CPU.ActiveCfg = Debug|Any CPU
		{8958D3E2-9DDF-4BEE-9CC6-D854F0194557}.Debug|Any CPU.Build.0 = Debug|Any CPU
		{8958D3E2-9DDF-4BEE-9CC6-D854F0194557}.Release|Any CPU.ActiveCfg = Release|Any CPU
		{8958D3E2-9DDF-4BEE-9CC6-D854F0194557}.Release|Any CPU.Build.0 = Release|Any CPU
		{49169C36-9D4E-4AA2-B023-A7F7972F2CE9}.Debug|Any CPU.ActiveCfg = Debug|Any CPU
		{49169C36-9D4E-4AA2-B023-A7F7972F2CE9}.Debug|Any CPU.Build.0 = Debug|Any CPU
		{49169C36-9D4E-4AA2-B023-A7F7972F2CE9}.Release|Any CPU.ActiveCfg = Release|Any CPU
		{49169C36-9D4E-4AA2-B023-A7F7972F2CE9}.Release|Any CPU.Build.0 = Release|Any CPU
		{D5EF9950-8552-44BD-AF47-79709D18FE31}.Debug|Any CPU.ActiveCfg = Debug|Any CPU
		{D5EF9950-8552-44BD-AF47-79709D18FE31}.Debug|Any CPU.Build.0 = Debug|Any CPU
		{D5EF9950-8552-44BD-AF47-79709D18FE31}.Release|Any CPU.ActiveCfg = Release|Any CPU
		{D5EF9950-8552-44BD-AF47-79709D18FE31}.Release|Any CPU.Build.0 = Release|Any CPU
		{51EA04AB-7954-47AB-8460-BFC57059F91F}.Debug|Any CPU.ActiveCfg = Debug|Any CPU
		{51EA04AB-7954-47AB-8460-BFC57059F91F}.Debug|Any CPU.Build.0 = Debug|Any CPU
		{51EA04AB-7954-47AB-8460-BFC57059F91F}.Release|Any CPU.ActiveCfg = Release|Any CPU
		{51EA04AB-7954-47AB-8460-BFC57059F91F}.Release|Any CPU.Build.0 = Release|Any CPU
		{497C77DA-8C71-486F-889D-3096B2C3FDDA}.Debug|Any CPU.ActiveCfg = Debug|Any CPU
		{497C77DA-8C71-486F-889D-3096B2C3FDDA}.Debug|Any CPU.Build.0 = Debug|Any CPU
		{497C77DA-8C71-486F-889D-3096B2C3FDDA}.Release|Any CPU.ActiveCfg = Release|Any CPU
		{497C77DA-8C71-486F-889D-3096B2C3FDDA}.Release|Any CPU.Build.0 = Release|Any CPU
		{1023FECA-944B-47F4-A63D-15B786E5C487}.Debug|Any CPU.ActiveCfg = Debug|Any CPU
		{1023FECA-944B-47F4-A63D-15B786E5C487}.Debug|Any CPU.Build.0 = Debug|Any CPU
		{1023FECA-944B-47F4-A63D-15B786E5C487}.Release|Any CPU.ActiveCfg = Release|Any CPU
		{1023FECA-944B-47F4-A63D-15B786E5C487}.Release|Any CPU.Build.0 = Release|Any CPU
		{5AEA8789-E0CF-4042-BD77-B68C800E9D3B}.Debug|Any CPU.ActiveCfg = Debug|Any CPU
		{5AEA8789-E0CF-4042-BD77-B68C800E9D3B}.Debug|Any CPU.Build.0 = Debug|Any CPU
		{5AEA8789-E0CF-4042-BD77-B68C800E9D3B}.Release|Any CPU.ActiveCfg = Release|Any CPU
		{5AEA8789-E0CF-4042-BD77-B68C800E9D3B}.Release|Any CPU.Build.0 = Release|Any CPU
		{06EFA49F-7010-40C3-B2C9-666F05FB897B}.Debug|Any CPU.ActiveCfg = Debug|Any CPU
		{06EFA49F-7010-40C3-B2C9-666F05FB897B}.Debug|Any CPU.Build.0 = Debug|Any CPU
		{06EFA49F-7010-40C3-B2C9-666F05FB897B}.Release|Any CPU.ActiveCfg = Release|Any CPU
		{06EFA49F-7010-40C3-B2C9-666F05FB897B}.Release|Any CPU.Build.0 = Release|Any CPU
		{FCA282FB-5901-4B6F-BACE-9ED4EDE371B8}.Debug|Any CPU.ActiveCfg = Debug|Any CPU
		{FCA282FB-5901-4B6F-BACE-9ED4EDE371B8}.Debug|Any CPU.Build.0 = Debug|Any CPU
		{FCA282FB-5901-4B6F-BACE-9ED4EDE371B8}.Release|Any CPU.ActiveCfg = Release|Any CPU
		{FCA282FB-5901-4B6F-BACE-9ED4EDE371B8}.Release|Any CPU.Build.0 = Release|Any CPU
		{AACCFBAA-8A8A-4614-AA31-4B03E58984C8}.Debug|Any CPU.ActiveCfg = Debug|Any CPU
		{AACCFBAA-8A8A-4614-AA31-4B03E58984C8}.Debug|Any CPU.Build.0 = Debug|Any CPU
		{AACCFBAA-8A8A-4614-AA31-4B03E58984C8}.Release|Any CPU.ActiveCfg = Release|Any CPU
		{AACCFBAA-8A8A-4614-AA31-4B03E58984C8}.Release|Any CPU.Build.0 = Release|Any CPU
	EndGlobalSection
	GlobalSection(SolutionProperties) = preSolution
		HideSolutionNode = FALSE
	EndGlobalSection
	GlobalSection(NestedProjects) = preSolution
		{459CF789-BB66-467B-81EA-D6A552B5784A} = {B483F81E-EBA2-4582-BC56-E368A3377798}
		{67F94B46-2E24-453D-A6D1-FC0843FF45B6} = {B483F81E-EBA2-4582-BC56-E368A3377798}
		{49169C36-9D4E-4AA2-B023-A7F7972F2CE9} = {ABA13C03-6D49-4650-9353-8ACAB543444A}
		{D5EF9950-8552-44BD-AF47-79709D18FE31} = {ABA13C03-6D49-4650-9353-8ACAB543444A}
		{51EA04AB-7954-47AB-8460-BFC57059F91F} = {88D18494-CEBE-4AF6-82A9-33CA1A95866B}
		{497C77DA-8C71-486F-889D-3096B2C3FDDA} = {88D18494-CEBE-4AF6-82A9-33CA1A95866B}
		{1023FECA-944B-47F4-A63D-15B786E5C487} = {EAB4A399-52EA-4AF5-A934-EB25A7538259}
		{5AEA8789-E0CF-4042-BD77-B68C800E9D3B} = {EAB4A399-52EA-4AF5-A934-EB25A7538259}
		{06EFA49F-7010-40C3-B2C9-666F05FB897B} = {D7111397-BD38-4BAA-AC92-1E531B045D0E}
		{FCA282FB-5901-4B6F-BACE-9ED4EDE371B8} = {D7111397-BD38-4BAA-AC92-1E531B045D0E}
		{AACCFBAA-8A8A-4614-AA31-4B03E58984C8} = {B483F81E-EBA2-4582-BC56-E368A3377798}
	EndGlobalSection
	GlobalSection(ExtensibilityGlobals) = postSolution
		SolutionGuid = {E17A031F-0690-4114-A0D9-654ABC1D9928}
	EndGlobalSection
EndGlobal
